
Microsoft Visual Studio Solution File, Format Version 12.00
# Visual Studio 15
VisualStudioVersion = 15.0.27703.2000
MinimumVisualStudioVersion = 10.0.40219.1
Project("{FAE04EC0-301F-11D3-BF4B-00C04F79EFBC}") = "NSAS.Core", "NSAS.Core\NSAS.Core.csproj", "{C89D9A92-2B7B-4E09-A499-38322465BC90}"
EndProject
Project("{FAE04EC0-301F-11D3-BF4B-00C04F79EFBC}") = "NSAS.Web", "NSAS.Web\NSAS.Web.csproj", "{397A5B00-2E49-41CF-9BD9-78024CF32656}"
EndProject
Global
	GlobalSection(SolutionConfigurationPlatforms) = preSolution
		Debug|Any CPU = Debug|Any CPU
		Release|Any CPU = Release|Any CPU
	EndGlobalSection
	GlobalSection(ProjectConfigurationPlatforms) = postSolution
		{C89D9A92-2B7B-4E09-A499-38322465BC90}.Debug|Any CPU.ActiveCfg = Debug|Any CPU
		{C89D9A92-2B7B-4E09-A499-38322465BC90}.Debug|Any CPU.Build.0 = Debug|Any CPU
		{C89D9A92-2B7B-4E09-A499-38322465BC90}.Release|Any CPU.ActiveCfg = Release|Any CPU
		{C89D9A92-2B7B-4E09-A499-38322465BC90}.Release|Any CPU.Build.0 = Release|Any CPU
		{397A5B00-2E49-41CF-9BD9-78024CF32656}.Debug|Any CPU.ActiveCfg = Debug|Any CPU
		{397A5B00-2E49-41CF-9BD9-78024CF32656}.Debug|Any CPU.Build.0 = Debug|Any CPU
		{397A5B00-2E49-41CF-9BD9-78024CF32656}.Release|Any CPU.ActiveCfg = Release|Any CPU
		{397A5B00-2E49-41CF-9BD9-78024CF32656}.Release|Any CPU.Build.0 = Release|Any CPU
	EndGlobalSection
	GlobalSection(SolutionProperties) = preSolution
		HideSolutionNode = FALSE
	EndGlobalSection
	GlobalSection(ExtensibilityGlobals) = postSolution
		SolutionGuid = {BFFC5C5D-185C-4693-A79A-019AB9F370C3}
	EndGlobalSection
EndGlobal
